
Microsoft Visual Studio Solution File, Format Version 12.00
# Visual Studio Version 16
VisualStudioVersion = 16.0.32126.315
MinimumVisualStudioVersion = 10.0.40219.1
Project("{FAE04EC0-301F-11D3-BF4B-00C04F79EFBC}") = "Generic_concept", "Generic_concept\Generic_concept.csproj", "{8816689A-A562-4061-93E3-4916B512F896}"
EndProject
Global
	GlobalSection(SolutionConfigurationPlatforms) = preSolution
		Debug|Any CPU = Debug|Any CPU
		Release|Any CPU = Release|Any CPU
	EndGlobalSection
	GlobalSection(ProjectConfigurationPlatforms) = postSolution
		{8816689A-A562-4061-93E3-4916B512F896}.Debug|Any CPU.ActiveCfg = Debug|Any CPU
		{8816689A-A562-4061-93E3-4916B512F896}.Debug|Any CPU.Build.0 = Debug|Any CPU
		{8816689A-A562-4061-93E3-4916B512F896}.Release|Any CPU.ActiveCfg = Release|Any CPU
		{8816689A-A562-4061-93E3-4916B512F896}.Release|Any CPU.Build.0 = Release|Any CPU
	EndGlobalSection
	GlobalSection(SolutionProperties) = preSolution
		HideSolutionNode = FALSE
	EndGlobalSection
	GlobalSection(ExtensibilityGlobals) = postSolution
		SolutionGuid = {529BB8C0-715A-4B31-8AF0-9D9EC40B5F6C}
	EndGlobalSection
EndGlobal
